
Microsoft Visual Studio Solution File, Format Version 12.00
# Visual Studio Version 16
VisualStudioVersion = 16.0.31515.178
MinimumVisualStudioVersion = 10.0.40219.1
Project("{9A19103F-16F7-4668-BE54-9A1E7A4F7556}") = "AbstractFactory", "AbstractFactory\AbstractFactory.csproj", "{37FA3356-6605-4307-ACC7-D50E95941236}"
EndProject
Project("{2150E333-8FDC-42A3-9474-1A3956D46DE8}") = "Creational", "Creational", "{E8150EFB-17A6-4F0D-9FB3-46107F9FA206}"
EndProject
Project("{9A19103F-16F7-4668-BE54-9A1E7A4F7556}") = "Builder", "Builder\Builder.csproj", "{34E85399-B741-4EB8-8D37-1EBF8CA6A932}"
EndProject
Project("{9A19103F-16F7-4668-BE54-9A1E7A4F7556}") = "FactoryMethod", "FactoryMethod\FactoryMethod.csproj", "{39EEE9FE-0A00-42B7-BE08-E77F583517D5}"
EndProject
Project("{9A19103F-16F7-4668-BE54-9A1E7A4F7556}") = "Prototype", "Prototype\Prototype.csproj", "{9B8F5E2D-40BA-48C3-A6AA-6C365E11B4F7}"
EndProject
Project("{9A19103F-16F7-4668-BE54-9A1E7A4F7556}") = "Singleton", "Singleton\Singleton.csproj", "{CBC99FED-8E97-41CC-B3F3-DD354900C875}"
EndProject
Project("{2150E333-8FDC-42A3-9474-1A3956D46DE8}") = "Structural", "Structural", "{66C0355F-51AE-4A74-9AA3-6145A7B96942}"
EndProject
Project("{9A19103F-16F7-4668-BE54-9A1E7A4F7556}") = "Adapter", "Adapter\Adapter.csproj", "{BBCEB8E9-1613-438C-AEA5-71D57CA0586C}"
EndProject
Project("{9A19103F-16F7-4668-BE54-9A1E7A4F7556}") = "Bridge", "Bridge\Bridge.csproj", "{B8A5F5EA-FE5F-418E-A08E-3C72CE84836B}"
EndProject
Project("{9A19103F-16F7-4668-BE54-9A1E7A4F7556}") = "Composite", "Composite\Composite.csproj", "{1C85AA87-0890-441E-A797-BA807AC039D2}"
EndProject
Project("{9A19103F-16F7-4668-BE54-9A1E7A4F7556}") = "Decorator", "Decorator\Decorator.csproj", "{46A01822-5B3B-48FE-8482-F45FF5F6D8CA}"
EndProject
Project("{9A19103F-16F7-4668-BE54-9A1E7A4F7556}") = "Facade", "Facade\Facade.csproj", "{C6197462-2B7D-4A5B-9AC9-1CB68A025927}"
EndProject
Project("{9A19103F-16F7-4668-BE54-9A1E7A4F7556}") = "Proxy", "Proxy\Proxy.csproj", "{43704AC7-746B-49A0-89FD-CBB7A34F256D}"
EndProject
Project("{9A19103F-16F7-4668-BE54-9A1E7A4F7556}") = "FlyWeight", "FlyWeight\FlyWeight.csproj", "{2FB56549-DD4B-4AE6-9A7D-581679AC2D18}"
EndProject
Project("{2150E333-8FDC-42A3-9474-1A3956D46DE8}") = "Behavioral", "Behavioral", "{58BEE214-8102-479A-9738-68A34C70998C}"
EndProject
Project("{9A19103F-16F7-4668-BE54-9A1E7A4F7556}") = "ChainOfResponsibility", "ChainOfResponsibility\ChainOfResponsibility.csproj", "{C8BFA165-146C-45E4-9BDF-91F629F4A6AA}"
EndProject
Project("{9A19103F-16F7-4668-BE54-9A1E7A4F7556}") = "Command", "Command\Command.csproj", "{184E07D1-57F8-437E-BD2F-49F07EB564C6}"
EndProject
Project("{9A19103F-16F7-4668-BE54-9A1E7A4F7556}") = "Interpreter", "Interpreter\Interpreter.csproj", "{2B464669-9032-40A9-8402-3695C625E227}"
EndProject
Project("{9A19103F-16F7-4668-BE54-9A1E7A4F7556}") = "Iterator", "Iterator\Iterator.csproj", "{88EB9E55-265D-4CD7-AEEF-C0D797EBAAF3}"
EndProject
Project("{9A19103F-16F7-4668-BE54-9A1E7A4F7556}") = "Mediator", "Mediator\Mediator.csproj", "{ECBC7058-A432-4DCA-BE43-65A8589D6A0E}"
EndProject
Project("{FAE04EC0-301F-11D3-BF4B-00C04F79EFBC}") = "Memento", "Memento\Memento.csproj", "{68BAC4F1-0495-4CEF-8F58-284379D62525}"
EndProject
Global
	GlobalSection(SolutionConfigurationPlatforms) = preSolution
		Debug|Any CPU = Debug|Any CPU
		Release|Any CPU = Release|Any CPU
	EndGlobalSection
	GlobalSection(ProjectConfigurationPlatforms) = postSolution
		{37FA3356-6605-4307-ACC7-D50E95941236}.Debug|Any CPU.ActiveCfg = Debug|Any CPU
		{37FA3356-6605-4307-ACC7-D50E95941236}.Debug|Any CPU.Build.0 = Debug|Any CPU
		{37FA3356-6605-4307-ACC7-D50E95941236}.Release|Any CPU.ActiveCfg = Release|Any CPU
		{37FA3356-6605-4307-ACC7-D50E95941236}.Release|Any CPU.Build.0 = Release|Any CPU
		{34E85399-B741-4EB8-8D37-1EBF8CA6A932}.Debug|Any CPU.ActiveCfg = Debug|Any CPU
		{34E85399-B741-4EB8-8D37-1EBF8CA6A932}.Debug|Any CPU.Build.0 = Debug|Any CPU
		{34E85399-B741-4EB8-8D37-1EBF8CA6A932}.Release|Any CPU.ActiveCfg = Release|Any CPU
		{34E85399-B741-4EB8-8D37-1EBF8CA6A932}.Release|Any CPU.Build.0 = Release|Any CPU
		{39EEE9FE-0A00-42B7-BE08-E77F583517D5}.Debug|Any CPU.ActiveCfg = Debug|Any CPU
		{39EEE9FE-0A00-42B7-BE08-E77F583517D5}.Debug|Any CPU.Build.0 = Debug|Any CPU
		{39EEE9FE-0A00-42B7-BE08-E77F583517D5}.Release|Any CPU.ActiveCfg = Release|Any CPU
		{39EEE9FE-0A00-42B7-BE08-E77F583517D5}.Release|Any CPU.Build.0 = Release|Any CPU
		{9B8F5E2D-40BA-48C3-A6AA-6C365E11B4F7}.Debug|Any CPU.ActiveCfg = Debug|Any CPU
		{9B8F5E2D-40BA-48C3-A6AA-6C365E11B4F7}.Debug|Any CPU.Build.0 = Debug|Any CPU
		{9B8F5E2D-40BA-48C3-A6AA-6C365E11B4F7}.Release|Any CPU.ActiveCfg = Release|Any CPU
		{9B8F5E2D-40BA-48C3-A6AA-6C365E11B4F7}.Release|Any CPU.Build.0 = Release|Any CPU
		{CBC99FED-8E97-41CC-B3F3-DD354900C875}.Debug|Any CPU.ActiveCfg = Debug|Any CPU
		{CBC99FED-8E97-41CC-B3F3-DD354900C875}.Debug|Any CPU.Build.0 = Debug|Any CPU
		{CBC99FED-8E97-41CC-B3F3-DD354900C875}.Release|Any CPU.ActiveCfg = Release|Any CPU
		{CBC99FED-8E97-41CC-B3F3-DD354900C875}.Release|Any CPU.Build.0 = Release|Any CPU
		{BBCEB8E9-1613-438C-AEA5-71D57CA0586C}.Debug|Any CPU.ActiveCfg = Debug|Any CPU
		{BBCEB8E9-1613-438C-AEA5-71D57CA0586C}.Debug|Any CPU.Build.0 = Debug|Any CPU
		{BBCEB8E9-1613-438C-AEA5-71D57CA0586C}.Release|Any CPU.ActiveCfg = Release|Any CPU
		{BBCEB8E9-1613-438C-AEA5-71D57CA0586C}.Release|Any CPU.Build.0 = Release|Any CPU
		{B8A5F5EA-FE5F-418E-A08E-3C72CE84836B}.Debug|Any CPU.ActiveCfg = Debug|Any CPU
		{B8A5F5EA-FE5F-418E-A08E-3C72CE84836B}.Debug|Any CPU.Build.0 = Debug|Any CPU
		{B8A5F5EA-FE5F-418E-A08E-3C72CE84836B}.Release|Any CPU.ActiveCfg = Release|Any CPU
		{B8A5F5EA-FE5F-418E-A08E-3C72CE84836B}.Release|Any CPU.Build.0 = Release|Any CPU
		{1C85AA87-0890-441E-A797-BA807AC039D2}.Debug|Any CPU.ActiveCfg = Debug|Any CPU
		{1C85AA87-0890-441E-A797-BA807AC039D2}.Debug|Any CPU.Build.0 = Debug|Any CPU
		{1C85AA87-0890-441E-A797-BA807AC039D2}.Release|Any CPU.ActiveCfg = Release|Any CPU
		{1C85AA87-0890-441E-A797-BA807AC039D2}.Release|Any CPU.Build.0 = Release|Any CPU
		{46A01822-5B3B-48FE-8482-F45FF5F6D8CA}.Debug|Any CPU.ActiveCfg = Debug|Any CPU
		{46A01822-5B3B-48FE-8482-F45FF5F6D8CA}.Debug|Any CPU.Build.0 = Debug|Any CPU
		{46A01822-5B3B-48FE-8482-F45FF5F6D8CA}.Release|Any CPU.ActiveCfg = Release|Any CPU
		{46A01822-5B3B-48FE-8482-F45FF5F6D8CA}.Release|Any CPU.Build.0 = Release|Any CPU
		{C6197462-2B7D-4A5B-9AC9-1CB68A025927}.Debug|Any CPU.ActiveCfg = Debug|Any CPU
		{C6197462-2B7D-4A5B-9AC9-1CB68A025927}.Debug|Any CPU.Build.0 = Debug|Any CPU
		{C6197462-2B7D-4A5B-9AC9-1CB68A025927}.Release|Any CPU.ActiveCfg = Release|Any CPU
		{C6197462-2B7D-4A5B-9AC9-1CB68A025927}.Release|Any CPU.Build.0 = Release|Any CPU
		{43704AC7-746B-49A0-89FD-CBB7A34F256D}.Debug|Any CPU.ActiveCfg = Debug|Any CPU
		{43704AC7-746B-49A0-89FD-CBB7A34F256D}.Debug|Any CPU.Build.0 = Debug|Any CPU
		{43704AC7-746B-49A0-89FD-CBB7A34F256D}.Release|Any CPU.ActiveCfg = Release|Any CPU
		{43704AC7-746B-49A0-89FD-CBB7A34F256D}.Release|Any CPU.Build.0 = Release|Any CPU
		{2FB56549-DD4B-4AE6-9A7D-581679AC2D18}.Debug|Any CPU.ActiveCfg = Debug|Any CPU
		{2FB56549-DD4B-4AE6-9A7D-581679AC2D18}.Debug|Any CPU.Build.0 = Debug|Any CPU
		{2FB56549-DD4B-4AE6-9A7D-581679AC2D18}.Release|Any CPU.ActiveCfg = Release|Any CPU
		{2FB56549-DD4B-4AE6-9A7D-581679AC2D18}.Release|Any CPU.Build.0 = Release|Any CPU
		{C8BFA165-146C-45E4-9BDF-91F629F4A6AA}.Debug|Any CPU.ActiveCfg = Debug|Any CPU
		{C8BFA165-146C-45E4-9BDF-91F629F4A6AA}.Debug|Any CPU.Build.0 = Debug|Any CPU
		{C8BFA165-146C-45E4-9BDF-91F629F4A6AA}.Release|Any CPU.ActiveCfg = Release|Any CPU
		{C8BFA165-146C-45E4-9BDF-91F629F4A6AA}.Release|Any CPU.Build.0 = Release|Any CPU
		{184E07D1-57F8-437E-BD2F-49F07EB564C6}.Debug|Any CPU.ActiveCfg = Debug|Any CPU
		{184E07D1-57F8-437E-BD2F-49F07EB564C6}.Debug|Any CPU.Build.0 = Debug|Any CPU
		{184E07D1-57F8-437E-BD2F-49F07EB564C6}.Release|Any CPU.ActiveCfg = Release|Any CPU
		{184E07D1-57F8-437E-BD2F-49F07EB564C6}.Release|Any CPU.Build.0 = Release|Any CPU
		{2B464669-9032-40A9-8402-3695C625E227}.Debug|Any CPU.ActiveCfg = Debug|Any CPU
		{2B464669-9032-40A9-8402-3695C625E227}.Debug|Any CPU.Build.0 = Debug|Any CPU
		{2B464669-9032-40A9-8402-3695C625E227}.Release|Any CPU.ActiveCfg = Release|Any CPU
		{2B464669-9032-40A9-8402-3695C625E227}.Release|Any CPU.Build.0 = Release|Any CPU
		{88EB9E55-265D-4CD7-AEEF-C0D797EBAAF3}.Debug|Any CPU.ActiveCfg = Debug|Any CPU
		{88EB9E55-265D-4CD7-AEEF-C0D797EBAAF3}.Debug|Any CPU.Build.0 = Debug|Any CPU
		{88EB9E55-265D-4CD7-AEEF-C0D797EBAAF3}.Release|Any CPU.ActiveCfg = Release|Any CPU
		{88EB9E55-265D-4CD7-AEEF-C0D797EBAAF3}.Release|Any CPU.Build.0 = Release|Any CPU
		{ECBC7058-A432-4DCA-BE43-65A8589D6A0E}.Debug|Any CPU.ActiveCfg = Debug|Any CPU
		{ECBC7058-A432-4DCA-BE43-65A8589D6A0E}.Debug|Any CPU.Build.0 = Debug|Any CPU
		{ECBC7058-A432-4DCA-BE43-65A8589D6A0E}.Release|Any CPU.ActiveCfg = Release|Any CPU
		{ECBC7058-A432-4DCA-BE43-65A8589D6A0E}.Release|Any CPU.Build.0 = Release|Any CPU
		{68BAC4F1-0495-4CEF-8F58-284379D62525}.Debug|Any CPU.ActiveCfg = Debug|Any CPU
		{68BAC4F1-0495-4CEF-8F58-284379D62525}.Debug|Any CPU.Build.0 = Debug|Any CPU
		{68BAC4F1-0495-4CEF-8F58-284379D62525}.Release|Any CPU.ActiveCfg = Release|Any CPU
		{68BAC4F1-0495-4CEF-8F58-284379D62525}.Release|Any CPU.Build.0 = Release|Any CPU
	EndGlobalSection
	GlobalSection(SolutionProperties) = preSolution
		HideSolutionNode = FALSE
	EndGlobalSection
	GlobalSection(NestedProjects) = preSolution
		{37FA3356-6605-4307-ACC7-D50E95941236} = {E8150EFB-17A6-4F0D-9FB3-46107F9FA206}
		{34E85399-B741-4EB8-8D37-1EBF8CA6A932} = {E8150EFB-17A6-4F0D-9FB3-46107F9FA206}
		{39EEE9FE-0A00-42B7-BE08-E77F583517D5} = {E8150EFB-17A6-4F0D-9FB3-46107F9FA206}
		{9B8F5E2D-40BA-48C3-A6AA-6C365E11B4F7} = {E8150EFB-17A6-4F0D-9FB3-46107F9FA206}
		{CBC99FED-8E97-41CC-B3F3-DD354900C875} = {E8150EFB-17A6-4F0D-9FB3-46107F9FA206}
		{BBCEB8E9-1613-438C-AEA5-71D57CA0586C} = {66C0355F-51AE-4A74-9AA3-6145A7B96942}
		{B8A5F5EA-FE5F-418E-A08E-3C72CE84836B} = {66C0355F-51AE-4A74-9AA3-6145A7B96942}
		{1C85AA87-0890-441E-A797-BA807AC039D2} = {66C0355F-51AE-4A74-9AA3-6145A7B96942}
		{46A01822-5B3B-48FE-8482-F45FF5F6D8CA} = {66C0355F-51AE-4A74-9AA3-6145A7B96942}
		{C6197462-2B7D-4A5B-9AC9-1CB68A025927} = {66C0355F-51AE-4A74-9AA3-6145A7B96942}
		{43704AC7-746B-49A0-89FD-CBB7A34F256D} = {66C0355F-51AE-4A74-9AA3-6145A7B96942}
		{2FB56549-DD4B-4AE6-9A7D-581679AC2D18} = {66C0355F-51AE-4A74-9AA3-6145A7B96942}
		{C8BFA165-146C-45E4-9BDF-91F629F4A6AA} = {58BEE214-8102-479A-9738-68A34C70998C}
		{184E07D1-57F8-437E-BD2F-49F07EB564C6} = {58BEE214-8102-479A-9738-68A34C70998C}
		{2B464669-9032-40A9-8402-3695C625E227} = {58BEE214-8102-479A-9738-68A34C70998C}
		{88EB9E55-265D-4CD7-AEEF-C0D797EBAAF3} = {58BEE214-8102-479A-9738-68A34C70998C}
		{ECBC7058-A432-4DCA-BE43-65A8589D6A0E} = {58BEE214-8102-479A-9738-68A34C70998C}
		{68BAC4F1-0495-4CEF-8F58-284379D62525} = {58BEE214-8102-479A-9738-68A34C70998C}
	EndGlobalSection
	GlobalSection(ExtensibilityGlobals) = postSolution
		SolutionGuid = {8940C183-F8BB-4434-887A-99895DB21CAB}
	EndGlobalSection
EndGlobal
